
Microsoft Visual Studio Solution File, Format Version 12.00
# Visual Studio Version 17
VisualStudioVersion = 17.11.35222.181
MinimumVisualStudioVersion = 10.0.40219.1
Project("{FAE04EC0-301F-11D3-BF4B-00C04F79EFBC}") = "Massive", "Massive\Massive.csproj", "{862DE20A-B1A7-4904-831C-2D77F9C5B762}"
EndProject
Global
	GlobalSection(SolutionConfigurationPlatforms) = preSolution
		Debug|Any CPU = Debug|Any CPU
		Release|Any CPU = Release|Any CPU
	EndGlobalSection
	GlobalSection(ProjectConfigurationPlatforms) = postSolution
		{862DE20A-B1A7-4904-831C-2D77F9C5B762}.Debug|Any CPU.ActiveCfg = Debug|Any CPU
		{862DE20A-B1A7-4904-831C-2D77F9C5B762}.Debug|Any CPU.Build.0 = Debug|Any CPU
		{862DE20A-B1A7-4904-831C-2D77F9C5B762}.Release|Any CPU.ActiveCfg = Release|Any CPU
		{862DE20A-B1A7-4904-831C-2D77F9C5B762}.Release|Any CPU.Build.0 = Release|Any CPU
	EndGlobalSection
	GlobalSection(SolutionProperties) = preSolution
		HideSolutionNode = FALSE
	EndGlobalSection
	GlobalSection(ExtensibilityGlobals) = postSolution
		SolutionGuid = {20D532AA-6199-4A8D-8D63-F15B7C93339E}
	EndGlobalSection
EndGlobal
